
Microsoft Visual Studio Solution File, Format Version 12.00
# Visual Studio Version 16
VisualStudioVersion = 16.0.28803.452
MinimumVisualStudioVersion = 10.0.40219.1
Project("{FAE04EC0-301F-11D3-BF4B-00C04F79EFBC}") = "ExcelLoader", "ExcelLoader\ExcelLoader.csproj", "{69D087D8-2465-4047-AF8B-DBC6DB2E3E53}"
EndProject
Global
	GlobalSection(SolutionConfigurationPlatforms) = preSolution
		Debug|Any CPU = Debug|Any CPU
		Release|Any CPU = Release|Any CPU
	EndGlobalSection
	GlobalSection(ProjectConfigurationPlatforms) = postSolution
		{69D087D8-2465-4047-AF8B-DBC6DB2E3E53}.Debug|Any CPU.ActiveCfg = Debug|Any CPU
		{69D087D8-2465-4047-AF8B-DBC6DB2E3E53}.Debug|Any CPU.Build.0 = Debug|Any CPU
		{69D087D8-2465-4047-AF8B-DBC6DB2E3E53}.Release|Any CPU.ActiveCfg = Release|Any CPU
		{69D087D8-2465-4047-AF8B-DBC6DB2E3E53}.Release|Any CPU.Build.0 = Release|Any CPU
	EndGlobalSection
	GlobalSection(SolutionProperties) = preSolution
		HideSolutionNode = FALSE
	EndGlobalSection
	GlobalSection(ExtensibilityGlobals) = postSolution
		SolutionGuid = {12D07FAD-7606-4A9E-99DF-02D3129F23E1}
	EndGlobalSection
EndGlobal
